
Microsoft Visual Studio Solution File, Format Version 12.00
# Visual Studio 2013
VisualStudioVersion = 12.0.40629.0
MinimumVisualStudioVersion = 10.0.40219.1
Project("{FAE04EC0-301F-11D3-BF4B-00C04F79EFBC}") = "CWRNN", "Module\CWRNN.csproj", "{CF56E61B-452E-42AA-835E-AC3DEEBDE540}"
	ProjectSection(ProjectDependencies) = postProject
		{BFCFA346-8A89-4329-994D-AEA04CE62F69} = {BFCFA346-8A89-4329-994D-AEA04CE62F69}
	EndProjectSection
EndProject
Project("{8BC9CEB8-8B4A-11D0-8D11-00A0C91BC942}") = "CWRNNCuda", "Cuda\NewModuleCuda.vcxproj", "{BFCFA346-8A89-4329-994D-AEA04CE62F69}"
EndProject
Global
	GlobalSection(SolutionConfigurationPlatforms) = preSolution
		Debug|Any CPU = Debug|Any CPU
		Debug|Mixed Platforms = Debug|Mixed Platforms
		Debug|x64 = Debug|x64
		Release|Any CPU = Release|Any CPU
		Release|Mixed Platforms = Release|Mixed Platforms
		Release|x64 = Release|x64
	EndGlobalSection
	GlobalSection(ProjectConfigurationPlatforms) = postSolution
		{CF56E61B-452E-42AA-835E-AC3DEEBDE540}.Debug|Any CPU.ActiveCfg = Debug|Any CPU
		{CF56E61B-452E-42AA-835E-AC3DEEBDE540}.Debug|Any CPU.Build.0 = Debug|Any CPU
		{CF56E61B-452E-42AA-835E-AC3DEEBDE540}.Debug|Mixed Platforms.ActiveCfg = Debug|Any CPU
		{CF56E61B-452E-42AA-835E-AC3DEEBDE540}.Debug|Mixed Platforms.Build.0 = Debug|Any CPU
		{CF56E61B-452E-42AA-835E-AC3DEEBDE540}.Debug|x64.ActiveCfg = Debug|Any CPU
		{CF56E61B-452E-42AA-835E-AC3DEEBDE540}.Debug|x64.Build.0 = Debug|Any CPU
		{CF56E61B-452E-42AA-835E-AC3DEEBDE540}.Release|Any CPU.ActiveCfg = Release|Any CPU
		{CF56E61B-452E-42AA-835E-AC3DEEBDE540}.Release|Any CPU.Build.0 = Release|Any CPU
		{CF56E61B-452E-42AA-835E-AC3DEEBDE540}.Release|Mixed Platforms.ActiveCfg = Release|Any CPU
		{CF56E61B-452E-42AA-835E-AC3DEEBDE540}.Release|Mixed Platforms.Build.0 = Release|Any CPU
		{CF56E61B-452E-42AA-835E-AC3DEEBDE540}.Release|x64.ActiveCfg = Release|Any CPU
		{CF56E61B-452E-42AA-835E-AC3DEEBDE540}.Release|x64.Build.0 = Release|Any CPU
		{BFCFA346-8A89-4329-994D-AEA04CE62F69}.Debug|Any CPU.ActiveCfg = Debug|x64
		{BFCFA346-8A89-4329-994D-AEA04CE62F69}.Debug|Any CPU.Build.0 = Debug|x64
		{BFCFA346-8A89-4329-994D-AEA04CE62F69}.Debug|Mixed Platforms.ActiveCfg = Debug|x64
		{BFCFA346-8A89-4329-994D-AEA04CE62F69}.Debug|Mixed Platforms.Build.0 = Debug|x64
		{BFCFA346-8A89-4329-994D-AEA04CE62F69}.Debug|x64.ActiveCfg = Debug|x64
		{BFCFA346-8A89-4329-994D-AEA04CE62F69}.Debug|x64.Build.0 = Debug|x64
		{BFCFA346-8A89-4329-994D-AEA04CE62F69}.Release|Any CPU.ActiveCfg = Release|x64
		{BFCFA346-8A89-4329-994D-AEA04CE62F69}.Release|Any CPU.Build.0 = Release|x64
		{BFCFA346-8A89-4329-994D-AEA04CE62F69}.Release|Mixed Platforms.ActiveCfg = Release|x64
		{BFCFA346-8A89-4329-994D-AEA04CE62F69}.Release|Mixed Platforms.Build.0 = Release|x64
		{BFCFA346-8A89-4329-994D-AEA04CE62F69}.Release|x64.ActiveCfg = Release|x64
		{BFCFA346-8A89-4329-994D-AEA04CE62F69}.Release|x64.Build.0 = Release|x64
	EndGlobalSection
	GlobalSection(SolutionProperties) = preSolution
		HideSolutionNode = FALSE
	EndGlobalSection
EndGlobal
